[root]
name = "ltable"
version = "0.1.0"
dependencies = [
 "glob 0.2.11 (registry+https://github.com/rust-lang/crates.io-index)",
 "separator 0.3.1 (registry+https://github.com/rust-lang/crates.io-index)",
]

[[package]]
name = "glob"
version = "0.2.11"
source = "registry+https://github.com/rust-lang/crates.io-index"

[[package]]
name = "separator"
version = "0.3.1"
source = "registry+https://github.com/rust-lang/crates.io-index"

[metadata]
"checksum glob 0.2.11 (registry+https://github.com/rust-lang/crates.io-index)" = "8be18de09a56b60ed0edf84bc9df007e30040691af7acd1c41874faac5895bfb"
"checksum separator 0.3.1 (registry+https://github.com/rust-lang/crates.io-index)" = "7acc4d818f952ed02e7911df5da8098c8b00a3c5ba2832e035a750b56e8fc32b"
